// !$*UTF8*$!
{
	archiveVersion = 1;
	classes = {
	};
	objectVersion = 50;
	objects = {

/* Begin PBXBuildFile section */
		3F12BF4E23496D3F0052FBB9 /* Locations.swift in Sources */ = {isa = PBXBuildFile; fileRef = 3F12BF4D23496D3F0052FBB9 /* Locations.swift */; };
		3F663E4E2379FE6700255212 /* ParkingLotTableViewController.swift in Sources */ = {isa = PBXBuildFile; fileRef = 3F663E4D2379FE6600255212 /* ParkingLotTableViewController.swift */; };
		3F905B04234D539F004B3E6B /* ParkingCollectionViewController.swift in Sources */ = {isa = PBXBuildFile; fileRef = 3F905B03234D539F004B3E6B /* ParkingCollectionViewController.swift */; };
		3F905BDF23625F11004B3E6B /* CloudKit.framework in Frameworks */ = {isa = PBXBuildFile; fileRef = 3F905BDE23625F11004B3E6B /* CloudKit.framework */; };
		3F9864DD237CC71600336E25 /* QRReaderPreviewViewController.swift in Sources */ = {isa = PBXBuildFile; fileRef = 3F9864DC237CC71600336E25 /* QRReaderPreviewViewController.swift */; };
		3FA46615237DC1E8004E5742 /* ParkingViewController.swift in Sources */ = {isa = PBXBuildFile; fileRef = 3FA46614237DC1E8004E5742 /* ParkingViewController.swift */; };
		3FCEA69E23481C9F003170C1 /* AppDelegate.swift in Sources */ = {isa = PBXBuildFile; fileRef = 3FCEA69D23481C9F003170C1 /* AppDelegate.swift */; };
		3FCEA6A023481C9F003170C1 /* QRReaderViewController.swift in Sources */ = {isa = PBXBuildFile; fileRef = 3FCEA69F23481C9F003170C1 /* QRReaderViewController.swift */; };
		3FCEA6A223481C9F003170C1 /* MapViewController.swift in Sources */ = {isa = PBXBuildFile; fileRef = 3FCEA6A123481C9F003170C1 /* MapViewController.swift */; };
		3FCEA6A523481C9F003170C1 /* Main.storyboard in Resources */ = {isa = PBXBuildFile; fileRef = 3FCEA6A323481C9F003170C1 /* Main.storyboard */; };
		3FCEA6A723481CA8003170C1 /* Assets.xcassets in Resources */ = {isa = PBXBuildFile; fileRef = 3FCEA6A623481CA8003170C1 /* Assets.xcassets */; };
		3FCEA6AA23481CA8003170C1 /* LaunchScreen.storyboard in Resources */ = {isa = PBXBuildFile; fileRef = 3FCEA6A823481CA8003170C1 /* LaunchScreen.storyboard */; };
		3FCEA6B223481DDE003170C1 /* LocationsTableViewController.swift in Sources */ = {isa = PBXBuildFile; fileRef = 3FCEA6B123481DDE003170C1 /* LocationsTableViewController.swift */; };
/* End PBXBuildFile section */

/* Begin PBXFileReference section */
		3F12BF4D23496D3F0052FBB9 /* Locations.swift */ = {isa = PBXFileReference; lastKnownFileType = sourcecode.swift; path = Locations.swift; sourceTree = "<group>"; };
		3F663E4D2379FE6600255212 /* ParkingLotTableViewController.swift */ = {isa = PBXFileReference; lastKnownFileType = sourcecode.swift; path = ParkingLotTableViewController.swift; sourceTree = "<group>"; };
		3F905B03234D539F004B3E6B /* ParkingCollectionViewController.swift */ = {isa = PBXFileReference; lastKnownFileType = sourcecode.swift; path = ParkingCollectionViewController.swift; sourceTree = "<group>"; };
		3F905BDC23625ED6004B3E6B /* Find Your Parking.entitlements */ = {isa = PBXFileReference; lastKnownFileType = text.plist.entitlements; path = "Find Your Parking.entitlements"; sourceTree = "<group>"; };
		3F905BDE23625F11004B3E6B /* CloudKit.framework */ = {isa = PBXFileReference; lastKnownFileType = wrapper.framework; name = CloudKit.framework; path = System/Library/Frameworks/CloudKit.framework; sourceTree = SDKROOT; };
		3F9864DC237CC71600336E25 /* QRReaderPreviewViewController.swift */ = {isa = PBXFileReference; lastKnownFileType = sourcecode.swift; path = QRReaderPreviewViewController.swift; sourceTree = "<group>"; };
		3FA46614237DC1E8004E5742 /* ParkingViewController.swift */ = {isa = PBXFileReference; fileEncoding = 4; lastKnownFileType = sourcecode.swift; path = ParkingViewController.swift; sourceTree = "<group>"; };
		3FCEA69A23481C9F003170C1 /* Find Your Parking.app */ = {isa = PBXFileReference; explicitFileType = wrapper.application; includeInIndex = 0; path = "Find Your Parking.app"; sourceTree = BUILT_PRODUCTS_DIR; };
		3FCEA69D23481C9F003170C1 /* AppDelegate.swift */ = {isa = PBXFileReference; lastKnownFileType = sourcecode.swift; path = AppDelegate.swift; sourceTree = "<group>"; };
		3FCEA69F23481C9F003170C1 /* QRReaderViewController.swift */ = {isa = PBXFileReference; lastKnownFileType = sourcecode.swift; path = QRReaderViewController.swift; sourceTree = "<group>"; };
		3FCEA6A123481C9F003170C1 /* MapViewController.swift */ = {isa = PBXFileReference; lastKnownFileType = sourcecode.swift; path = MapViewController.swift; sourceTree = "<group>"; };
		3FCEA6A423481C9F003170C1 /* Base */ = {isa = PBXFileReference; lastKnownFileType = file.storyboard; name = Base; path = Base.lproj/Main.storyboard; sourceTree = "<group>"; };
		3FCEA6A623481CA8003170C1 /* Assets.xcassets */ = {isa = PBXFileReference; lastKnownFileType = folder.assetcatalog; path = Assets.xcassets; sourceTree = "<group>"; };
		3FCEA6A923481CA8003170C1 /* Base */ = {isa = PBXFileReference; lastKnownFileType = file.storyboard; name = Base; path = Base.lproj/LaunchScreen.storyboard; sourceTree = "<group>"; };
		3FCEA6AB23481CA8003170C1 /* Info.plist */ = {isa = PBXFileReference; lastKnownFileType = text.plist.xml; path = Info.plist; sourceTree = "<group>"; };
		3FCEA6B123481DDE003170C1 /* LocationsTableViewController.swift */ = {isa = PBXFileReference; lastKnownFileType = sourcecode.swift; path = LocationsTableViewController.swift; sourceTree = "<group>"; };
/* End PBXFileReference section */

/* Begin PBXFrameworksBuildPhase section */
		3FCEA69723481C9F003170C1 /* Frameworks */ = {
			isa = PBXFrameworksBuildPhase;
			buildActionMask = 2147483647;
			files = (
				3F905BDF23625F11004B3E6B /* CloudKit.framework in Frameworks */,
			);
			runOnlyForDeploymentPostprocessing = 0;
		};
/* End PBXFrameworksBuildPhase section */

/* Begin PBXGroup section */
		3F905BDD23625F11004B3E6B /* Frameworks */ = {
			isa = PBXGroup;
			children = (
				3F905BDE23625F11004B3E6B /* CloudKit.framework */,
			);
			name = Frameworks;
			sourceTree = "<group>";
		};
		3FCEA69123481C9F003170C1 = {
			isa = PBXGroup;
			children = (
				3FCEA69C23481C9F003170C1 /* Find Your Parking */,
				3FCEA69B23481C9F003170C1 /* Products */,
				3F905BDD23625F11004B3E6B /* Frameworks */,
			);
			sourceTree = "<group>";
		};
		3FCEA69B23481C9F003170C1 /* Products */ = {
			isa = PBXGroup;
			children = (
				3FCEA69A23481C9F003170C1 /* Find Your Parking.app */,
			);
			name = Products;
			sourceTree = "<group>";
		};
		3FCEA69C23481C9F003170C1 /* Find Your Parking */ = {
			isa = PBXGroup;
			children = (
				3F905B03234D539F004B3E6B /* ParkingCollectionViewController.swift */,
				3FA46614237DC1E8004E5742 /* ParkingViewController.swift */,
				3F905BDC23625ED6004B3E6B /* Find Your Parking.entitlements */,
				3FCEA69D23481C9F003170C1 /* AppDelegate.swift */,
				3FCEA69F23481C9F003170C1 /* QRReaderViewController.swift */,
				3FCEA6A123481C9F003170C1 /* MapViewController.swift */,
				3FCEA6A323481C9F003170C1 /* Main.storyboard */,
				3F9864DC237CC71600336E25 /* QRReaderPreviewViewController.swift */,
				3FCEA6A623481CA8003170C1 /* Assets.xcassets */,
				3FCEA6A823481CA8003170C1 /* LaunchScreen.storyboard */,
				3FCEA6AB23481CA8003170C1 /* Info.plist */,
				3FCEA6B123481DDE003170C1 /* LocationsTableViewController.swift */,
				3F12BF4D23496D3F0052FBB9 /* Locations.swift */,
				3F663E4D2379FE6600255212 /* ParkingLotTableViewController.swift */,
			);
			path = "Find Your Parking";
			sourceTree = "<group>";
		};
/* End PBXGroup section */

/* Begin PBXNativeTarget section */
		3FCEA69923481C9F003170C1 /* Find Your Parking */ = {
			isa = PBXNativeTarget;
			buildConfigurationList = 3FCEA6AE23481CA8003170C1 /* Build configuration list for PBXNativeTarget "Find Your Parking" */;
			buildPhases = (
				3FCEA69623481C9F003170C1 /* Sources */,
				3FCEA69723481C9F003170C1 /* Frameworks */,
				3FCEA69823481C9F003170C1 /* Resources */,
			);
			buildRules = (
			);
			dependencies = (
			);
			name = "Find Your Parking";
			productName = "Find Your Parking";
			productReference = 3FCEA69A23481C9F003170C1 /* Find Your Parking.app */;
			productType = "com.apple.product-type.application";
		};
/* End PBXNativeTarget section */

/* Begin PBXProject section */
		3FCEA69223481C9F003170C1 /* Project object */ = {
			isa = PBXProject;
			attributes = {
				LastSwiftUpdateCheck = 1010;
				LastUpgradeCheck = 1010;
				ORGANIZATIONNAME = "Bearcat Coders";
				TargetAttributes = {
					3FCEA69923481C9F003170C1 = {
						CreatedOnToolsVersion = 10.1;
						SystemCapabilities = {
							com.apple.Push = {
								enabled = 1;
							};
							com.apple.iCloud = {
								enabled = 1;
							};
						};
					};
				};
			};
			buildConfigurationList = 3FCEA69523481C9F003170C1 /* Build configuration list for PBXProject "Find Your Parking" */;
			compatibilityVersion = "Xcode 9.3";
			developmentRegion = en;
			hasScannedForEncodings = 0;
			knownRegions = (
				en,
				Base,
			);
			mainGroup = 3FCEA69123481C9F003170C1;
			productRefGroup = 3FCEA69B23481C9F003170C1 /* Products */;
			projectDirPath = "";
			projectRoot = "";
			targets = (
				3FCEA69923481C9F003170C1 /* Find Your Parking */,
			);
		};
/* End PBXProject section */

/* Begin PBXResourcesBuildPhase section */
		3FCEA69823481C9F003170C1 /* Resources */ = {
			isa = PBXResourcesBuildPhase;
			buildActionMask = 2147483647;
			files = (
				3FCEA6AA23481CA8003170C1 /* LaunchScreen.storyboard in Resources */,
				3FCEA6A723481CA8003170C1 /* Assets.xcassets in Resources */,
				3FCEA6A523481C9F003170C1 /* Main.storyboard in Resources */,
			);
			runOnlyForDeploymentPostprocessing = 0;
		};
/* End PBXResourcesBuildPhase section */

/* Begin PBXSourcesBuildPhase section */
		3FCEA69623481C9F003170C1 /* Sources */ = {
			isa = PBXSourcesBuildPhase;
			buildActionMask = 2147483647;
			files = (
				3F663E4E2379FE6700255212 /* ParkingLotTableViewController.swift in Sources */,
				3FCEA6B223481DDE003170C1 /* LocationsTableViewController.swift in Sources */,
				3F905B04234D539F004B3E6B /* ParkingCollectionViewController.swift in Sources */,
				3FCEA6A223481C9F003170C1 /* MapViewController.swift in Sources */,
				3FA46615237DC1E8004E5742 /* ParkingViewController.swift in Sources */,
				3FCEA69E23481C9F003170C1 /* AppDelegate.swift in Sources */,
				3F12BF4E23496D3F0052FBB9 /* Locations.swift in Sources */,
				3FCEA6A023481C9F003170C1 /* QRReaderViewController.swift in Sources */,
				3F9864DD237CC71600336E25 /* QRReaderPreviewViewController.swift in Sources */,
			);
			runOnlyForDeploymentPostprocessing = 0;
		};
/* End PBXSourcesBuildPhase section */

/* Begin PBXVariantGroup section */
		3FCEA6A323481C9F003170C1 /* Main.storyboard */ = {
			isa = PBXVariantGroup;
			children = (
				3FCEA6A423481C9F003170C1 /* Base */,
			);
			name = Main.storyboard;
			sourceTree = "<group>";
		};
		3FCEA6A823481CA8003170C1 /* LaunchScreen.storyboard */ = {
			isa = PBXVariantGroup;
			children = (
				3FCEA6A923481CA8003170C1 /* Base */,
			);
			name = LaunchScreen.storyboard;
			sourceTree = "<group>";
		};
/* End PBXVariantGroup section */

/* Begin XCBuildConfiguration section */
		3FCEA6AC23481CA8003170C1 /* Debug */ = {
			isa = XCBuildConfiguration;
			buildSettings = {
				ALWAYS_SEARCH_USER_PATHS = NO;
				CLANG_ANALYZER_NONNULL = YES;
				CLANG_ANALYZER_NUMBER_OBJECT_CONVERSION = YES_AGGRESSIVE;
				CLANG_CXX_LANGUAGE_STANDARD = "gnu++14";
				CLANG_CXX_LIBRARY = "libc++";
				CLANG_ENABLE_MODULES = YES;
				CLANG_ENABLE_OBJC_ARC = YES;
				CLANG_ENABLE_OBJC_WEAK = YES;
				CLANG_WARN_BLOCK_CAPTURE_AUTORELEASING = YES;
				CLANG_WARN_BOOL_CONVERSION = YES;
				CLANG_WARN_COMMA = YES;
				CLANG_WARN_CONSTANT_CONVERSION = YES;
				CLANG_WARN_DEPRECATED_OBJC_IMPLEMENTATIONS = YES;
				CLANG_WARN_DIRECT_OBJC_ISA_USAGE = YES_ERROR;
				CLANG_WARN_DOCUMENTATION_COMMENTS = YES;
				CLANG_WARN_EMPTY_BODY = YES;
				CLANG_WARN_ENUM_CONVERSION = YES;
				CLANG_WARN_INFINITE_RECURSION = YES;
				CLANG_WARN_INT_CONVERSION = YES;
				CLANG_WARN_NON_LITERAL_NULL_CONVERSION = YES;
				CLANG_WARN_OBJC_IMPLICIT_RETAIN_SELF = YES;
				CLANG_WARN_OBJC_LITERAL_CONVERSION = YES;
				CLANG_WARN_OBJC_ROOT_CLASS = YES_ERROR;
				CLANG_WARN_RANGE_LOOP_ANALYSIS = YES;
				CLANG_WARN_STRICT_PROTOTYPES = YES;
				CLANG_WARN_SUSPICIOUS_MOVE = YES;
				CLANG_WARN_UNGUARDED_AVAILABILITY = YES_AGGRESSIVE;
				CLANG_WARN_UNREACHABLE_CODE = YES;
				CLANG_WARN__DUPLICATE_METHOD_MATCH = YES;
				CODE_SIGN_IDENTITY = "iPhone Developer";
				COPY_PHASE_STRIP = NO;
				DEBUG_INFORMATION_FORMAT = dwarf;
				ENABLE_STRICT_OBJC_MSGSEND = YES;
				ENABLE_TESTABILITY = YES;
				GCC_C_LANGUAGE_STANDARD = gnu11;
				GCC_DYNAMIC_NO_PIC = NO;
				GCC_NO_COMMON_BLOCKS = YES;
				GCC_OPTIMIZATION_LEVEL = 0;
				GCC_PREPROCESSOR_DEFINITIONS = (
					"DEBUG=1",
					"$(inherited)",
				);
				GCC_WARN_64_TO_32_BIT_CONVERSION = YES;
				GCC_WARN_ABOUT_RETURN_TYPE = YES_ERROR;
				GCC_WARN_UNDECLARED_SELECTOR = YES;
				GCC_WARN_UNINITIALIZED_AUTOS = YES_AGGRESSIVE;
				GCC_WARN_UNUSED_FUNCTION = YES;
				GCC_WARN_UNUSED_VARIABLE = YES;
				IPHONEOS_DEPLOYMENT_TARGET = 12.1;
				MTL_ENABLE_DEBUG_INFO = INCLUDE_SOURCE;
				MTL_FAST_MATH = YES;
				ONLY_ACTIVE_ARCH = YES;
				SDKROOT = iphoneos;
				SWIFT_ACTIVE_COMPILATION_CONDITIONS = DEBUG;
				SWIFT_OPTIMIZATION_LEVEL = "-Onone";
			};
			name = Debug;
		};
		3FCEA6AD23481CA8003170C1 /* Release */ = {
			isa = XCBuildConfiguration;
			buildSettings = {
				ALWAYS_SEARCH_USER_PATHS = NO;
				CLANG_ANALYZER_NONNULL = YES;
				CLANG_ANALYZER_NUMBER_OBJECT_CONVERSION = YES_AGGRESSIVE;
				CLANG_CXX_LANGUAGE_STANDARD = "gnu++14";
				CLANG_CXX_LIBRARY = "libc++";
				CLANG_ENABLE_MODULES = YES;
				CLANG_ENABLE_OBJC_ARC = YES;
				CLANG_ENABLE_OBJC_WEAK = YES;
				CLANG_WARN_BLOCK_CAPTURE_AUTORELEASING = YES;
				CLANG_WARN_BOOL_CONVERSION = YES;
				CLANG_WARN_COMMA = YES;
				CLANG_WARN_CONSTANT_CONVERSION = YES;
				CLANG_WARN_DEPRECATED_OBJC_IMPLEMENTATIONS = YES;
				CLANG_WARN_DIRECT_OBJC_ISA_USAGE = YES_ERROR;
				CLANG_WARN_DOCUMENTATION_COMMENTS = YES;
				CLANG_WARN_EMPTY_BODY = YES;
				CLANG_WARN_ENUM_CONVERSION = YES;
				CLANG_WARN_INFINITE_RECURSION = YES;
				CLANG_WARN_INT_CONVERSION = YES;
				CLANG_WARN_NON_LITERAL_NULL_CONVERSION = YES;
				CLANG_WARN_OBJC_IMPLICIT_RETAIN_SELF = YES;
				CLANG_WARN_OBJC_LITERAL_CONVERSION = YES;
				CLANG_WARN_OBJC_ROOT_CLASS = YES_ERROR;
				CLANG_WARN_RANGE_LOOP_ANALYSIS = YES;
				CLANG_WARN_STRICT_PROTOTYPES = YES;
				CLANG_WARN_SUSPICIOUS_MOVE = YES;
				CLANG_WARN_UNGUARDED_AVAILABILITY = YES_AGGRESSIVE;
				CLANG_WARN_UNREACHABLE_CODE = YES;
				CLANG_WARN__DUPLICATE_METHOD_MATCH = YES;
				CODE_SIGN_IDENTITY = "iPhone Developer";
				COPY_PHASE_STRIP = NO;
				DEBUG_INFORMATION_FORMAT = "dwarf-with-dsym";
				ENABLE_NS_ASSERTIONS = NO;
				ENABLE_STRICT_OBJC_MSGSEND = YES;
				GCC_C_LANGUAGE_STANDARD = gnu11;
				GCC_NO_COMMON_BLOCKS = YES;
				GCC_WARN_64_TO_32_BIT_CONVERSION = YES;
				GCC_WARN_ABOUT_RETURN_TYPE = YES_ERROR;
				GCC_WARN_UNDECLARED_SELECTOR = YES;
				GCC_WARN_UNINITIALIZED_AUTOS = YES_AGGRESSIVE;
				GCC_WARN_UNUSED_FUNCTION = YES;
				GCC_WARN_UNUSED_VARIABLE = YES;
				IPHONEOS_DEPLOYMENT_TARGET = 12.1;
				MTL_ENABLE_DEBUG_INFO = NO;
				MTL_FAST_MATH = YES;
				SDKROOT = iphoneos;
				SWIFT_COMPILATION_MODE = wholemodule;
				SWIFT_OPTIMIZATION_LEVEL = "-O";
				VALIDATE_PRODUCT = YES;
			};
			name = Release;
		};
		3FCEA6AF23481CA8003170C1 /* Debug */ = {
			isa = XCBuildConfiguration;
			buildSettings = {
				ASSETCATALOG_COMPILER_APPICON_NAME = AppIcon;
				CODE_SIGN_ENTITLEMENTS = "Find Your Parking/Find Your Parking.entitlements";
				CODE_SIGN_STYLE = Automatic;
				DEVELOPMENT_TEAM = 583N2DJ8B2;
				INFOPLIST_FILE = "Find Your Parking/Info.plist";
				IPHONEOS_DEPLOYMENT_TARGET = 11.0;
				LD_RUNPATH_SEARCH_PATHS = (
					"$(inherited)",
					"@executable_path/Frameworks",
				);
				PRODUCT_BUNDLE_IDENTIFIER = "edu.nwmissouri.CloudKit-InvestigationsMR";
				PRODUCT_NAME = "$(TARGET_NAME)";
				SWIFT_VERSION = 4.0;
				TARGETED_DEVICE_FAMILY = "1,2";
			};
			name = Debug;
		};
		3FCEA6B023481CA8003170C1 /* Release */ = {
			isa = XCBuildConfiguration;
			buildSettings = {
				ASSETCATALOG_COMPILER_APPICON_NAME = AppIcon;
				CODE_SIGN_ENTITLEMENTS = "Find Your Parking/Find Your Parking.entitlements";
				CODE_SIGN_STYLE = Automatic;
				DEVELOPMENT_TEAM = 583N2DJ8B2;
				INFOPLIST_FILE = "Find Your Parking/Info.plist";
				IPHONEOS_DEPLOYMENT_TARGET = 11.0;
				LD_RUNPATH_SEARCH_PATHS = (
					"$(inherited)",
					"@executable_path/Frameworks",
				);
				PRODUCT_BUNDLE_IDENTIFIER = "edu.nwmissouri.CloudKit-InvestigationsMR";
				PRODUCT_NAME = "$(TARGET_NAME)";
				SWIFT_VERSION = 4.0;
				TARGETED_DEVICE_FAMILY = "1,2";
			};
			name = Release;
		};
/* End XCBuildConfiguration section */

/* Begin XCConfigurationList section */
		3FCEA69523481C9F003170C1 /* Build configuration list for PBXProject "Find Your Parking" */ = {
			isa = XCConfigurationList;
			buildConfigurations = (
				3FCEA6AC23481CA8003170C1 /* Debug */,
				3FCEA6AD23481CA8003170C1 /* Release */,
			);
			defaultConfigurationIsVisible = 0;
			defaultConfigurationName = Release;
		};
		3FCEA6AE23481CA8003170C1 /* Build configuration list for PBXNativeTarget "Find Your Parking" */ = {
			isa = XCConfigurationList;
			buildConfigurations = (
				3FCEA6AF23481CA8003170C1 /* Debug */,
				3FCEA6B023481CA8003170C1 /* Release */,
			);
			defaultConfigurationIsVisible = 0;
			defaultConfigurationName = Release;
		};
/* End XCConfigurationList section */
	};
	rootObject = 3FCEA69223481C9F003170C1 /* Project object */;
}
